// !$*UTF8*$!
{
	archiveVersion = 1;
	classes = {
	};
	objectVersion = 55;
	objects = {

/* Begin PBXBuildFile section */
		8F35A94928ADD3DE0025B40F /* AppDelegate.swift in Sources */ = {isa = PBXBuildFile; fileRef = 8F35A94828ADD3DE0025B40F /* AppDelegate.swift */; };
		8F35A94B28ADD3DE0025B40F /* SceneDelegate.swift in Sources */ = {isa = PBXBuildFile; fileRef = 8F35A94A28ADD3DE0025B40F /* SceneDelegate.swift */; };
		8F35A94D28ADD3DE0025B40F /* ViewController.swift in Sources */ = {isa = PBXBuildFile; fileRef = 8F35A94C28ADD3DE0025B40F /* ViewController.swift */; };
		8F35A95028ADD3DE0025B40F /* Main.storyboard in Resources */ = {isa = PBXBuildFile; fileRef = 8F35A94E28ADD3DE0025B40F /* Main.storyboard */; };
		8F35A95228ADD3E30025B40F /* Assets.xcassets in Resources */ = {isa = PBXBuildFile; fileRef = 8F35A95128ADD3E30025B40F /* Assets.xcassets */; };
		8F35A95528ADD3E30025B40F /* LaunchScreen.storyboard in Resources */ = {isa = PBXBuildFile; fileRef = 8F35A95328ADD3E30025B40F /* LaunchScreen.storyboard */; };
		8F35A95D28ADD51D0025B40F /* SuguePushViewController.swift in Sources */ = {isa = PBXBuildFile; fileRef = 8F35A95C28ADD51D0025B40F /* SuguePushViewController.swift */; };
		8F35A95F28ADD77B0025B40F /* SuguePresentViewController.swift in Sources */ = {isa = PBXBuildFile; fileRef = 8F35A95E28ADD77B0025B40F /* SuguePresentViewController.swift */; };
		8F35A96128ADD8E90025B40F /* CodePushViewController.swift in Sources */ = {isa = PBXBuildFile; fileRef = 8F35A96028ADD8E90025B40F /* CodePushViewController.swift */; };
		8F35A96328ADE0230025B40F /* CodePresentViewController.swift in Sources */ = {isa = PBXBuildFile; fileRef = 8F35A96228ADE0230025B40F /* CodePresentViewController.swift */; };
/* End PBXBuildFile section */

/* Begin PBXFileReference section */
		8F35A94528ADD3DE0025B40F /* TranEx.app */ = {isa = PBXFileReference; explicitFileType = wrapper.application; includeInIndex = 0; path = TranEx.app; sourceTree = BUILT_PRODUCTS_DIR; };
		8F35A94828ADD3DE0025B40F /* AppDelegate.swift */ = {isa = PBXFileReference; lastKnownFileType = sourcecode.swift; path = AppDelegate.swift; sourceTree = "<group>"; };
		8F35A94A28ADD3DE0025B40F /* SceneDelegate.swift */ = {isa = PBXFileReference; lastKnownFileType = sourcecode.swift; path = SceneDelegate.swift; sourceTree = "<group>"; };
		8F35A94C28ADD3DE0025B40F /* ViewController.swift */ = {isa = PBXFileReference; lastKnownFileType = sourcecode.swift; path = ViewController.swift; sourceTree = "<group>"; };
		8F35A94F28ADD3DE0025B40F /* Base */ = {isa = PBXFileReference; lastKnownFileType = file.storyboard; name = Base; path = Base.lproj/Main.storyboard; sourceTree = "<group>"; };
		8F35A95128ADD3E30025B40F /* Assets.xcassets */ = {isa = PBXFileReference; lastKnownFileType = folder.assetcatalog; path = Assets.xcassets; sourceTree = "<group>"; };
		8F35A95428ADD3E30025B40F /* Base */ = {isa = PBXFileReference; lastKnownFileType = file.storyboard; name = Base; path = Base.lproj/LaunchScreen.storyboard; sourceTree = "<group>"; };
		8F35A95628ADD3E30025B40F /* Info.plist */ = {isa = PBXFileReference; lastKnownFileType = text.plist.xml; path = Info.plist; sourceTree = "<group>"; };
		8F35A95C28ADD51D0025B40F /* SuguePushViewController.swift */ = {isa = PBXFileReference; lastKnownFileType = sourcecode.swift; path = SuguePushViewController.swift; sourceTree = "<group>"; };
		8F35A95E28ADD77B0025B40F /* SuguePresentViewController.swift */ = {isa = PBXFileReference; lastKnownFileType = sourcecode.swift; path = SuguePresentViewController.swift; sourceTree = "<group>"; };
		8F35A96028ADD8E90025B40F /* CodePushViewController.swift */ = {isa = PBXFileReference; lastKnownFileType = sourcecode.swift; path = CodePushViewController.swift; sourceTree = "<group>"; };
		8F35A96228ADE0230025B40F /* CodePresentViewController.swift */ = {isa = PBXFileReference; lastKnownFileType = sourcecode.swift; path = CodePresentViewController.swift; sourceTree = "<group>"; };
/* End PBXFileReference section */

/* Begin PBXFrameworksBuildPhase section */
		8F35A94228ADD3DE0025B40F /* Frameworks */ = {
			isa = PBXFrameworksBuildPhase;
			buildActionMask = 2147483647;
			files = (
			);
			runOnlyForDeploymentPostprocessing = 0;
		};
/* End PBXFrameworksBuildPhase section */

/* Begin PBXGroup section */
		8F35A93C28ADD3DE0025B40F = {
			isa = PBXGroup;
			children = (
				8F35A94728ADD3DE0025B40F /* TranEx */,
				8F35A94628ADD3DE0025B40F /* Products */,
			);
			sourceTree = "<group>";
		};
		8F35A94628ADD3DE0025B40F /* Products */ = {
			isa = PBXGroup;
			children = (
				8F35A94528ADD3DE0025B40F /* TranEx.app */,
			);
			name = Products;
			sourceTree = "<group>";
		};
		8F35A94728ADD3DE0025B40F /* TranEx */ = {
			isa = PBXGroup;
			children = (
				8F35A94828ADD3DE0025B40F /* AppDelegate.swift */,
				8F35A94A28ADD3DE0025B40F /* SceneDelegate.swift */,
				8F35A94C28ADD3DE0025B40F /* ViewController.swift */,
				8F35A94E28ADD3DE0025B40F /* Main.storyboard */,
				8F35A95128ADD3E30025B40F /* Assets.xcassets */,
				8F35A95328ADD3E30025B40F /* LaunchScreen.storyboard */,
				8F35A95628ADD3E30025B40F /* Info.plist */,
				8F35A95C28ADD51D0025B40F /* SuguePushViewController.swift */,
				8F35A95E28ADD77B0025B40F /* SuguePresentViewController.swift */,
				8F35A96028ADD8E90025B40F /* CodePushViewController.swift */,
				8F35A96228ADE0230025B40F /* CodePresentViewController.swift */,
			);
			path = TranEx;
			sourceTree = "<group>";
		};
/* End PBXGroup section */

/* Begin PBXNativeTarget section */
		8F35A94428ADD3DE0025B40F /* TranEx */ = {
			isa = PBXNativeTarget;
			buildConfigurationList = 8F35A95928ADD3E30025B40F /* Build configuration list for PBXNativeTarget "TranEx" */;
			buildPhases = (
				8F35A94128ADD3DE0025B40F /* Sources */,
				8F35A94228ADD3DE0025B40F /* Frameworks */,
				8F35A94328ADD3DE0025B40F /* Resources */,
			);
			buildRules = (
			);
			dependencies = (
			);
			name = TranEx;
			productName = TranEx;
			productReference = 8F35A94528ADD3DE0025B40F /* TranEx.app */;
			productType = "com.apple.product-type.application";
		};
/* End PBXNativeTarget section */

/* Begin PBXProject section */
		8F35A93D28ADD3DE0025B40F /* Project object */ = {
			isa = PBXProject;
			attributes = {
				BuildIndependentTargetsInParallel = 1;
				LastSwiftUpdateCheck = 1340;
				LastUpgradeCheck = 1340;
				TargetAttributes = {
					8F35A94428ADD3DE0025B40F = {
						CreatedOnToolsVersion = 13.4.1;
					};
				};
			};
			buildConfigurationList = 8F35A94028ADD3DE0025B40F /* Build configuration list for PBXProject "TranEx" */;
			compatibilityVersion = "Xcode 13.0";
			developmentRegion = en;
			hasScannedForEncodings = 0;
			knownRegions = (
				en,
				Base,
			);
			mainGroup = 8F35A93C28ADD3DE0025B40F;
			productRefGroup = 8F35A94628ADD3DE0025B40F /* Products */;
			projectDirPath = "";
			projectRoot = "";
			targets = (
				8F35A94428ADD3DE0025B40F /* TranEx */,
			);
		};
/* End PBXProject section */

/* Begin PBXResourcesBuildPhase section */
		8F35A94328ADD3DE0025B40F /* Resources */ = {
			isa = PBXResourcesBuildPhase;
			buildActionMask = 2147483647;
			files = (
				8F35A95528ADD3E30025B40F /* LaunchScreen.storyboard in Resources */,
				8F35A95228ADD3E30025B40F /* Assets.xcassets in Resources */,
				8F35A95028ADD3DE0025B40F /* Main.storyboard in Resources */,
			);
			runOnlyForDeploymentPostprocessing = 0;
		};
/* End PBXResourcesBuildPhase section */

/* Begin PBXSourcesBuildPhase section */
		8F35A94128ADD3DE0025B40F /* Sources */ = {
			isa = PBXSourcesBuildPhase;
			buildActionMask = 2147483647;
			files = (
				8F35A95F28ADD77B0025B40F /* SuguePresentViewController.swift in Sources */,
				8F35A96128ADD8E90025B40F /* CodePushViewController.swift in Sources */,
				8F35A95D28ADD51D0025B40F /* SuguePushViewController.swift in Sources */,
				8F35A94D28ADD3DE0025B40F /* ViewController.swift in Sources */,
				8F35A96328ADE0230025B40F /* CodePresentViewController.swift in Sources */,
				8F35A94928ADD3DE0025B40F /* AppDelegate.swift in Sources */,
				8F35A94B28ADD3DE0025B40F /* SceneDelegate.swift in Sources */,
			);
			runOnlyForDeploymentPostprocessing = 0;
		};
/* End PBXSourcesBuildPhase section */

/* Begin PBXVariantGroup section */
		8F35A94E28ADD3DE0025B40F /* Main.storyboard */ = {
			isa = PBXVariantGroup;
			children = (
				8F35A94F28ADD3DE0025B40F /* Base */,
			);
			name = Main.storyboard;
			sourceTree = "<group>";
		};
		8F35A95328ADD3E30025B40F /* LaunchScreen.storyboard */ = {
			isa = PBXVariantGroup;
			children = (
				8F35A95428ADD3E30025B40F /* Base */,
			);
			name = LaunchScreen.storyboard;
			sourceTree = "<group>";
		};
/* End PBXVariantGroup section */

/* Begin XCBuildConfiguration section */
		8F35A95728ADD3E30025B40F /* Debug */ = {
			isa = XCBuildConfiguration;
			buildSettings = {
				ALWAYS_SEARCH_USER_PATHS = NO;
				CLANG_ANALYZER_NONNULL = YES;
				CLANG_ANALYZER_NUMBER_OBJECT_CONVERSION = YES_AGGRESSIVE;
				CLANG_CXX_LANGUAGE_STANDARD = "gnu++17";
				CLANG_ENABLE_MODULES = YES;
				CLANG_ENABLE_OBJC_ARC = YES;
				CLANG_ENABLE_OBJC_WEAK = YES;
				CLANG_WARN_BLOCK_CAPTURE_AUTORELEASING = YES;
				CLANG_WARN_BOOL_CONVERSION = YES;
				CLANG_WARN_COMMA = YES;
				CLANG_WARN_CONSTANT_CONVERSION = YES;
				CLANG_WARN_DEPRECATED_OBJC_IMPLEMENTATIONS = YES;
				CLANG_WARN_DIRECT_OBJC_ISA_USAGE = YES_ERROR;
				CLANG_WARN_DOCUMENTATION_COMMENTS = YES;
				CLANG_WARN_EMPTY_BODY = YES;
				CLANG_WARN_ENUM_CONVERSION = YES;
				CLANG_WARN_INFINITE_RECURSION = YES;
				CLANG_WARN_INT_CONVERSION = YES;
				CLANG_WARN_NON_LITERAL_NULL_CONVERSION = YES;
				CLANG_WARN_OBJC_IMPLICIT_RETAIN_SELF = YES;
				CLANG_WARN_OBJC_LITERAL_CONVERSION = YES;
				CLANG_WARN_OBJC_ROOT_CLASS = YES_ERROR;
				CLANG_WARN_QUOTED_INCLUDE_IN_FRAMEWORK_HEADER = YES;
				CLANG_WARN_RANGE_LOOP_ANALYSIS = YES;
				CLANG_WARN_STRICT_PROTOTYPES = YES;
				CLANG_WARN_SUSPICIOUS_MOVE = YES;
				CLANG_WARN_UNGUARDED_AVAILABILITY = YES_AGGRESSIVE;
				CLANG_WARN_UNREACHABLE_CODE = YES;
				CLANG_WARN__DUPLICATE_METHOD_MATCH = YES;
				COPY_PHASE_STRIP = NO;
				DEBUG_INFORMATION_FORMAT = dwarf;
				ENABLE_STRICT_OBJC_MSGSEND = YES;
				ENABLE_TESTABILITY = YES;
				GCC_C_LANGUAGE_STANDARD = gnu11;
				GCC_DYNAMIC_NO_PIC = NO;
				GCC_NO_COMMON_BLOCKS = YES;
				GCC_OPTIMIZATION_LEVEL = 0;
				GCC_PREPROCESSOR_DEFINITIONS = (
					"DEBUG=1",
					"$(inherited)",
				);
				GCC_WARN_64_TO_32_BIT_CONVERSION = YES;
				GCC_WARN_ABOUT_RETURN_TYPE = YES_ERROR;
				GCC_WARN_UNDECLARED_SELECTOR = YES;
				GCC_WARN_UNINITIALIZED_AUTOS = YES_AGGRESSIVE;
				GCC_WARN_UNUSED_FUNCTION = YES;
				GCC_WARN_UNUSED_VARIABLE = YES;
				IPHONEOS_DEPLOYMENT_TARGET = 15.5;
				MTL_ENABLE_DEBUG_INFO = INCLUDE_SOURCE;
				MTL_FAST_MATH = YES;
				ONLY_ACTIVE_ARCH = YES;
				SDKROOT = iphoneos;
				SWIFT_ACTIVE_COMPILATION_CONDITIONS = DEBUG;
				SWIFT_OPTIMIZATION_LEVEL = "-Onone";
			};
			name = Debug;
		};
		8F35A95828ADD3E30025B40F /* Release */ = {
			isa = XCBuildConfiguration;
			buildSettings = {
				ALWAYS_SEARCH_USER_PATHS = NO;
				CLANG_ANALYZER_NONNULL = YES;
				CLANG_ANALYZER_NUMBER_OBJECT_CONVERSION = YES_AGGRESSIVE;
				CLANG_CXX_LANGUAGE_STANDARD = "gnu++17";
				CLANG_ENABLE_MODULES = YES;
				CLANG_ENABLE_OBJC_ARC = YES;
				CLANG_ENABLE_OBJC_WEAK = YES;
				CLANG_WARN_BLOCK_CAPTURE_AUTORELEASING = YES;
				CLANG_WARN_BOOL_CONVERSION = YES;
				CLANG_WARN_COMMA = YES;
				CLANG_WARN_CONSTANT_CONVERSION = YES;
				CLANG_WARN_DEPRECATED_OBJC_IMPLEMENTATIONS = YES;
				CLANG_WARN_DIRECT_OBJC_ISA_USAGE = YES_ERROR;
				CLANG_WARN_DOCUMENTATION_COMMENTS = YES;
				CLANG_WARN_EMPTY_BODY = YES;
				CLANG_WARN_ENUM_CONVERSION = YES;
				CLANG_WARN_INFINITE_RECURSION = YES;
				CLANG_WARN_INT_CONVERSION = YES;
				CLANG_WARN_NON_LITERAL_NULL_CONVERSION = YES;
				CLANG_WARN_OBJC_IMPLICIT_RETAIN_SELF = YES;
				CLANG_WARN_OBJC_LITERAL_CONVERSION = YES;
				CLANG_WARN_OBJC_ROOT_CLASS = YES_ERROR;
				CLANG_WARN_QUOTED_INCLUDE_IN_FRAMEWORK_HEADER = YES;
				CLANG_WARN_RANGE_LOOP_ANALYSIS = YES;
				CLANG_WARN_STRICT_PROTOTYPES = YES;
				CLANG_WARN_SUSPICIOUS_MOVE = YES;
				CLANG_WARN_UNGUARDED_AVAILABILITY = YES_AGGRESSIVE;
				CLANG_WARN_UNREACHABLE_CODE = YES;
				CLANG_WARN__DUPLICATE_METHOD_MATCH = YES;
				COPY_PHASE_STRIP = NO;
				DEBUG_INFORMATION_FORMAT = "dwarf-with-dsym";
				ENABLE_NS_ASSERTIONS = NO;
				ENABLE_STRICT_OBJC_MSGSEND = YES;
				GCC_C_LANGUAGE_STANDARD = gnu11;
				GCC_NO_COMMON_BLOCKS = YES;
				GCC_WARN_64_TO_32_BIT_CONVERSION = YES;
				GCC_WARN_ABOUT_RETURN_TYPE = YES_ERROR;
				GCC_WARN_UNDECLARED_SELECTOR = YES;
				GCC_WARN_UNINITIALIZED_AUTOS = YES_AGGRESSIVE;
				GCC_WARN_UNUSED_FUNCTION = YES;
				GCC_WARN_UNUSED_VARIABLE = YES;
				IPHONEOS_DEPLOYMENT_TARGET = 15.5;
				MTL_ENABLE_DEBUG_INFO = NO;
				MTL_FAST_MATH = YES;
				SDKROOT = iphoneos;
				SWIFT_COMPILATION_MODE = wholemodule;
				SWIFT_OPTIMIZATION_LEVEL = "-O";
				VALIDATE_PRODUCT = YES;
			};
			name = Release;
		};
		8F35A95A28ADD3E30025B40F /* Debug */ = {
			isa = XCBuildConfiguration;
			buildSettings = {
				ASSETCATALOG_COMPILER_APPICON_NAME = AppIcon;
				ASSETCATALOG_COMPILER_GLOBAL_ACCENT_COLOR_NAME = AccentColor;
				CODE_SIGN_STYLE = Automatic;
				CURRENT_PROJECT_VERSION = 1;
				DEVELOPMENT_TEAM = H5CH2SK77M;
				GENERATE_INFOPLIST_FILE = YES;
				INFOPLIST_FILE = TranEx/Info.plist;
				INFOPLIST_KEY_UIApplicationSupportsIndirectInputEvents = YES;
				INFOPLIST_KEY_UILaunchStoryboardName = LaunchScreen;
				INFOPLIST_KEY_UIMainStoryboardFile = Main;
				INFOPLIST_KEY_UISupportedInterfaceOrientations_iPad = "UIInterfaceOrientationPortrait UIInterfaceOrientationPortraitUpsideDown UIInterfaceOrientationLandscapeLeft UIInterfaceOrientationLandscapeRight";
				INFOPLIST_KEY_UISupportedInterfaceOrientations_iPhone = "UIInterfaceOrientationPortrait UIInterfaceOrientationLandscapeLeft UIInterfaceOrientationLandscapeRight";
				LD_RUNPATH_SEARCH_PATHS = (
					"$(inherited)",
					"@executable_path/Frameworks",
				);
				MARKETING_VERSION = 1.0;
				PRODUCT_BUNDLE_IDENTIFIER = WonDongHyun.TranEx;
				PRODUCT_NAME = "$(TARGET_NAME)";
				SWIFT_EMIT_LOC_STRINGS = YES;
				SWIFT_VERSION = 5.0;
				TARGETED_DEVICE_FAMILY = "1,2";
			};
			name = Debug;
		};
		8F35A95B28ADD3E30025B40F /* Release */ = {
			isa = XCBuildConfiguration;
			buildSettings = {
				ASSETCATALOG_COMPILER_APPICON_NAME = AppIcon;
				ASSETCATALOG_COMPILER_GLOBAL_ACCENT_COLOR_NAME = AccentColor;
				CODE_SIGN_STYLE = Automatic;
				CURRENT_PROJECT_VERSION = 1;
				DEVELOPMENT_TEAM = H5CH2SK77M;
				GENERATE_INFOPLIST_FILE = YES;
				INFOPLIST_FILE = TranEx/Info.plist;
				INFOPLIST_KEY_UIApplicationSupportsIndirectInputEvents = YES;
				INFOPLIST_KEY_UILaunchStoryboardName = LaunchScreen;
				INFOPLIST_KEY_UIMainStoryboardFile = Main;
				INFOPLIST_KEY_UISupportedInterfaceOrientations_iPad = "UIInterfaceOrientationPortrait UIInterfaceOrientationPortraitUpsideDown UIInterfaceOrientationLandscapeLeft UIInterfaceOrientationLandscapeRight";
				INFOPLIST_KEY_UISupportedInterfaceOrientations_iPhone = "UIInterfaceOrientationPortrait UIInterfaceOrientationLandscapeLeft UIInterfaceOrientationLandscapeRight";
				LD_RUNPATH_SEARCH_PATHS = (
					"$(inherited)",
					"@executable_path/Frameworks",
				);
				MARKETING_VERSION = 1.0;
				PRODUCT_BUNDLE_IDENTIFIER = WonDongHyun.TranEx;
				PRODUCT_NAME = "$(TARGET_NAME)";
				SWIFT_EMIT_LOC_STRINGS = YES;
				SWIFT_VERSION = 5.0;
				TARGETED_DEVICE_FAMILY = "1,2";
			};
			name = Release;
		};
/* End XCBuildConfiguration section */

/* Begin XCConfigurationList section */
		8F35A94028ADD3DE0025B40F /* Build configuration list for PBXProject "TranEx" */ = {
			isa = XCConfigurationList;
			buildConfigurations = (
				8F35A95728ADD3E30025B40F /* Debug */,
				8F35A95828ADD3E30025B40F /* Release */,
			);
			defaultConfigurationIsVisible = 0;
			defaultConfigurationName = Release;
		};
		8F35A95928ADD3E30025B40F /* Build configuration list for PBXNativeTarget "TranEx" */ = {
			isa = XCConfigurationList;
			buildConfigurations = (
				8F35A95A28ADD3E30025B40F /* Debug */,
				8F35A95B28ADD3E30025B40F /* Release */,
			);
			defaultConfigurationIsVisible = 0;
			defaultConfigurationName = Release;
		};
/* End XCConfigurationList section */
	};
	rootObject = 8F35A93D28ADD3DE0025B40F /* Project object */;
}
